
Microsoft Visual Studio Solution File, Format Version 12.00
# Visual Studio 15
VisualStudioVersion = 15.0.26430.16
MinimumVisualStudioVersion = 10.0.40219.1
Project("{FAE04EC0-301F-11D3-BF4B-00C04F79EFBC}") = "Multiplica.ApiRest", "Multiplica.ApiRest\Multiplica.ApiRest.csproj", "{918425AA-B182-49CE-8628-FA5616DDB6D2}"
EndProject
Project("{FAE04EC0-301F-11D3-BF4B-00C04F79EFBC}") = "Multiplica.ApiRest.Tests", "Multiplica.ApiRest.Tests\Multiplica.ApiRest.Tests.csproj", "{7F5CC109-944C-4D3F-B405-000920029152}"
EndProject
Project("{FAE04EC0-301F-11D3-BF4B-00C04F79EFBC}") = "Multiplica.IntegrationTest", "Multiplica.IntegrationTest\Multiplica.IntegrationTest.csproj", "{62565163-6233-41A4-A24F-0B71EAE4FB40}"
EndProject
Global
	GlobalSection(SolutionConfigurationPlatforms) = preSolution
		Debug|Any CPU = Debug|Any CPU
		Release|Any CPU = Release|Any CPU
	EndGlobalSection
	GlobalSection(ProjectConfigurationPlatforms) = postSolution
		{918425AA-B182-49CE-8628-FA5616DDB6D2}.Debug|Any CPU.ActiveCfg = Debug|Any CPU
		{918425AA-B182-49CE-8628-FA5616DDB6D2}.Debug|Any CPU.Build.0 = Debug|Any CPU
		{918425AA-B182-49CE-8628-FA5616DDB6D2}.Release|Any CPU.ActiveCfg = Release|Any CPU
		{918425AA-B182-49CE-8628-FA5616DDB6D2}.Release|Any CPU.Build.0 = Release|Any CPU
		{7F5CC109-944C-4D3F-B405-000920029152}.Debug|Any CPU.ActiveCfg = Debug|Any CPU
		{7F5CC109-944C-4D3F-B405-000920029152}.Debug|Any CPU.Build.0 = Debug|Any CPU
		{7F5CC109-944C-4D3F-B405-000920029152}.Release|Any CPU.ActiveCfg = Release|Any CPU
		{7F5CC109-944C-4D3F-B405-000920029152}.Release|Any CPU.Build.0 = Release|Any CPU
		{62565163-6233-41A4-A24F-0B71EAE4FB40}.Debug|Any CPU.ActiveCfg = Debug|Any CPU
		{62565163-6233-41A4-A24F-0B71EAE4FB40}.Debug|Any CPU.Build.0 = Debug|Any CPU
		{62565163-6233-41A4-A24F-0B71EAE4FB40}.Release|Any CPU.ActiveCfg = Release|Any CPU
		{62565163-6233-41A4-A24F-0B71EAE4FB40}.Release|Any CPU.Build.0 = Release|Any CPU
	EndGlobalSection
	GlobalSection(SolutionProperties) = preSolution
		HideSolutionNode = FALSE
	EndGlobalSection
EndGlobal
